<Solution>
  <Folder Name="/Solution Items/">
    <File Path="Behaviors.txt" />
    <File Path="README.md" />
  </Folder>
  <Project Path="NPCChat.Core/NPCChat.Core.csproj" />
  <Project Path="NPCChat.Editor/NPCChat.Editor.csproj" />
  <Project Path="NPCChat.Tests/NPCChat.Tests.csproj" />
</Solution>
